
Microsoft Visual Studio Solution File, Format Version 12.00
<<<<<<< HEAD
# Visual Studio 2015
=======
# Visual Studio 2017
>>>>>>> 67f1efdb1ceb3d924fcf82817080f8679dee0d9c
Project("{FAE04EC0-301F-11D3-BF4B-00C04F79EFBC}") = "CSS385_SHRED_GAMEDEV.Plugins", "CSS385_SHRED_GAMEDEV.Plugins.csproj", "{4CC905C5-0ED9-D4E0-EA77-4E0C2B0E4398}"
EndProject
Project("{FAE04EC0-301F-11D3-BF4B-00C04F79EFBC}") = "CSS385_SHRED_GAMEDEV", "CSS385_SHRED_GAMEDEV.csproj", "{CA6719F2-031A-97DB-D227-35FB31CB1A43}"
EndProject
Project("{FAE04EC0-301F-11D3-BF4B-00C04F79EFBC}") = "CSS385_SHRED_GAMEDEV.Editor.Plugins", "CSS385_SHRED_GAMEDEV.Editor.Plugins.csproj", "{424A9A4A-2322-2386-5525-28254F5378B1}"
EndProject
Project("{FAE04EC0-301F-11D3-BF4B-00C04F79EFBC}") = "CSS385_SHRED_GAMEDEV.Editor", "CSS385_SHRED_GAMEDEV.Editor.csproj", "{ABB48A91-AFA2-07EC-B60C-8A8CC0DDEB25}"
EndProject
Global
	GlobalSection(SolutionConfigurationPlatforms) = preSolution
		Debug|Any CPU = Debug|Any CPU
		Release|Any CPU = Release|Any CPU
	EndGlobalSection
	GlobalSection(ProjectConfigurationPlatforms) = postSolution
		{4CC905C5-0ED9-D4E0-EA77-4E0C2B0E4398}.Debug|Any CPU.ActiveCfg = Debug|Any CPU
		{4CC905C5-0ED9-D4E0-EA77-4E0C2B0E4398}.Debug|Any CPU.Build.0 = Debug|Any CPU
		{4CC905C5-0ED9-D4E0-EA77-4E0C2B0E4398}.Release|Any CPU.ActiveCfg = Release|Any CPU
		{4CC905C5-0ED9-D4E0-EA77-4E0C2B0E4398}.Release|Any CPU.Build.0 = Release|Any CPU
		{CA6719F2-031A-97DB-D227-35FB31CB1A43}.Debug|Any CPU.ActiveCfg = Debug|Any CPU
		{CA6719F2-031A-97DB-D227-35FB31CB1A43}.Debug|Any CPU.Build.0 = Debug|Any CPU
		{CA6719F2-031A-97DB-D227-35FB31CB1A43}.Release|Any CPU.ActiveCfg = Release|Any CPU
		{CA6719F2-031A-97DB-D227-35FB31CB1A43}.Release|Any CPU.Build.0 = Release|Any CPU
		{424A9A4A-2322-2386-5525-28254F5378B1}.Debug|Any CPU.ActiveCfg = Debug|Any CPU
		{424A9A4A-2322-2386-5525-28254F5378B1}.Debug|Any CPU.Build.0 = Debug|Any CPU
		{424A9A4A-2322-2386-5525-28254F5378B1}.Release|Any CPU.ActiveCfg = Release|Any CPU
		{424A9A4A-2322-2386-5525-28254F5378B1}.Release|Any CPU.Build.0 = Release|Any CPU
		{ABB48A91-AFA2-07EC-B60C-8A8CC0DDEB25}.Debug|Any CPU.ActiveCfg = Debug|Any CPU
		{ABB48A91-AFA2-07EC-B60C-8A8CC0DDEB25}.Debug|Any CPU.Build.0 = Debug|Any CPU
		{ABB48A91-AFA2-07EC-B60C-8A8CC0DDEB25}.Release|Any CPU.ActiveCfg = Release|Any CPU
		{ABB48A91-AFA2-07EC-B60C-8A8CC0DDEB25}.Release|Any CPU.Build.0 = Release|Any CPU
	EndGlobalSection
	GlobalSection(SolutionProperties) = preSolution
		HideSolutionNode = FALSE
	EndGlobalSection
EndGlobal
