
<<<<<<< HEAD
Microsoft Visual Studio Solution File, Format Version 12.00
# Visual Studio 2015
Project("{FAE04EC0-301F-11D3-BF4B-00C04F79EFBC}") = "CSS385_SHRED_GAMEDEV.Plugins", "CSS385_SHRED_GAMEDEV.Plugins.csproj", "{4CC905C5-0ED9-D4E0-EA77-4E0C2B0E4398}"
=======
Microsoft Visual Studio Solution File, Format Version 11.00
# Visual Studio 2010
Project("{FAE04EC0-301F-11D3-BF4B-00C04F79EFBC}") = "CSS385_SHRED_GAMEDEV", "Assembly-CSharp-firstpass.csproj", "{9233A835-4072-9C29-3B43-9A1C0F5EDBEE}"
>>>>>>> 3b01408a67d3f2423c6b26479cdf7e34393bd2db
EndProject
Project("{FAE04EC0-301F-11D3-BF4B-00C04F79EFBC}") = "CSS385_SHRED_GAMEDEV", "Assembly-CSharp.csproj", "{B9BC48EC-5D42-0DF2-13E0-89647EB6DBB6}"
EndProject
Project("{FAE04EC0-301F-11D3-BF4B-00C04F79EFBC}") = "CSS385_SHRED_GAMEDEV", "Assembly-CSharp-Editor-firstpass.csproj", "{483CC642-48E8-9C26-0C04-C1AEDA94BDD7}"
EndProject
Project("{FAE04EC0-301F-11D3-BF4B-00C04F79EFBC}") = "CSS385_SHRED_GAMEDEV", "Assembly-CSharp-Editor.csproj", "{AB4C6F76-2A87-B21F-3C89-7AE4DFECB7F1}"
EndProject
Global
	GlobalSection(SolutionConfigurationPlatforms) = preSolution
		Debug|Any CPU = Debug|Any CPU
		Release|Any CPU = Release|Any CPU
	EndGlobalSection
	GlobalSection(ProjectConfigurationPlatforms) = postSolution
		{9233A835-4072-9C29-3B43-9A1C0F5EDBEE}.Debug|Any CPU.ActiveCfg = Debug|Any CPU
		{9233A835-4072-9C29-3B43-9A1C0F5EDBEE}.Debug|Any CPU.Build.0 = Debug|Any CPU
		{9233A835-4072-9C29-3B43-9A1C0F5EDBEE}.Release|Any CPU.ActiveCfg = Release|Any CPU
		{9233A835-4072-9C29-3B43-9A1C0F5EDBEE}.Release|Any CPU.Build.0 = Release|Any CPU
		{B9BC48EC-5D42-0DF2-13E0-89647EB6DBB6}.Debug|Any CPU.ActiveCfg = Debug|Any CPU
		{B9BC48EC-5D42-0DF2-13E0-89647EB6DBB6}.Debug|Any CPU.Build.0 = Debug|Any CPU
		{B9BC48EC-5D42-0DF2-13E0-89647EB6DBB6}.Release|Any CPU.ActiveCfg = Release|Any CPU
		{B9BC48EC-5D42-0DF2-13E0-89647EB6DBB6}.Release|Any CPU.Build.0 = Release|Any CPU
		{483CC642-48E8-9C26-0C04-C1AEDA94BDD7}.Debug|Any CPU.ActiveCfg = Debug|Any CPU
		{483CC642-48E8-9C26-0C04-C1AEDA94BDD7}.Debug|Any CPU.Build.0 = Debug|Any CPU
		{483CC642-48E8-9C26-0C04-C1AEDA94BDD7}.Release|Any CPU.ActiveCfg = Release|Any CPU
		{483CC642-48E8-9C26-0C04-C1AEDA94BDD7}.Release|Any CPU.Build.0 = Release|Any CPU
		{AB4C6F76-2A87-B21F-3C89-7AE4DFECB7F1}.Debug|Any CPU.ActiveCfg = Debug|Any CPU
		{AB4C6F76-2A87-B21F-3C89-7AE4DFECB7F1}.Debug|Any CPU.Build.0 = Debug|Any CPU
		{AB4C6F76-2A87-B21F-3C89-7AE4DFECB7F1}.Release|Any CPU.ActiveCfg = Release|Any CPU
		{AB4C6F76-2A87-B21F-3C89-7AE4DFECB7F1}.Release|Any CPU.Build.0 = Release|Any CPU
	EndGlobalSection
	GlobalSection(SolutionProperties) = preSolution
		HideSolutionNode = FALSE
	EndGlobalSection
	GlobalSection(MonoDevelopProperties) = preSolution
		StartupItem = Assembly-CSharp.csproj
	EndGlobalSection
EndGlobal
